version = 1
revision = 3
requires-python = ">=3.9"

[[package]]
name = "ide-agent-tabs-dev"
version = "0"
source = { virtual = "." }

[package.dev-dependencies]
dev = [
    { name = "pyright" },
]

[package.metadata]

[package.metadata.requires-dev]
dev = [{ name = "pyright", specifier = ">=1.1.400,<1.2" }]

[[package]]
name = "nodeenv"
version = "1.11.0"
source = { registry = "https://pypi.org/simple" }
sdist = { url = "https://files.pythonhosted.org/packages/9a/8e/105de02c1322cfada6d9710d9146ef8026419d433c9d08359a2d35805811/nodeenv-1.11.0.tar.gz", hash = "sha256:3ce8fe5b71d16e8af7039ca65257354100bc772965d6bc549070649e53b1b146", size = 99301, upload-time = "2026-09-26T11:29:21.367Z" }
wheels = [
    { url = "https://files.pythonhosted.org/packages/54/c8/12811c9b48fde162bb72b6f2e78fada9a247a09d7bb5be2050a5d099c77b/nodeenv-1.11.0-py2.py3-none-any.whl", hash = "sha256:edaa16e6c14d7cf395d75d4bbd5a26390f4dc06501a33b4e76282b02cc688a25", size = 34277, upload-time = "2026-09-26T11:29:19.933Z" },
]

[[package]]
name = "pyright"
version = "1.1.414"
source = { registry = "https://pypi.org/simple" }
dependencies = [
    { name = "nodeenv" },
    { name = "typing-extensions" },
]
sdist = { url = "https://files.pythonhosted.org/packages/e1/1b/244c7b710031ada80f27e579ec20d28a2285dfc318fed0339866b1047f12/pyright-1.1.414.tar.gz", hash = "sha256:523c0a97c60da6333234955c277730c9cf4f5bd6d5399e7b7d2b0fc5d3599524", size = 4154638, upload-time = "2026-09-10T12:26:53.181Z" }
wheels = [
    { url = "https://files.pythonhosted.org/packages/d7/ba/18b6e682ead424ad24bcc134339ae5d1b931cd9ae260540592a058a91279/pyright-1.1.414-py3-none-any.whl", hash = "sha256:2a6b4b3298c9eec174c5ed83bd338de6eee82df2992f3e1930e6199d381be36f", size = 6225049, upload-time = "2026-09-10T12:26:51.427Z" },
]

[[package]]
name = "typing-extensions"
version = "4.16.0"
source = { registry = "https://pypi.org/simple" }
sdist = { url = "https://files.pythonhosted.org/packages/f6/cc/6253133b5bb138fc3306cebfbda2c520f545d36b5be2c7255cc528bb45d6/typing_extensions-4.16.0.tar.gz", hash = "sha256:dc983d19a509c94dba722ee6abd33940f7c05a89e243c47e907eb4db6f1a43e5", size = 113555, upload-time = "2026-07-02T08:40:05.92Z" }
wheels = [
    { url = "https://files.pythonhosted.org/packages/49/d3/b8441a820a491ddfc024b0b0cf0393375b75ea13866d9c66727e54c2fc80/typing_extensions-4.16.0-py3-none-any.whl", hash = "sha256:481caa481374e813c1b176ada14e97f1f67a4539ce9cfeb3f350d78d6370c2e8", size = 45571, upload-time = "2026-07-02T08:40:04.659Z" },
]
